// !$*UTF8*$!
{
	archiveVersion = 1;
	classes = {
	};
	objectVersion = 56;
	objects = {

/* Begin PBXBuildFile section */
		04478CCA2B27883900F2E318 /* CardCVC.swift in Sources */ = {isa = PBXBuildFile; fileRef = 04478CC92B27883900F2E318 /* CardCVC.swift */; };
		04478CCF2B2788AA00F2E318 /* CardModel.swift in Sources */ = {isa = PBXBuildFile; fileRef = 04478CCE2B2788AA00F2E318 /* CardModel.swift */; };
		04478CD12B2788EA00F2E318 /* CardProperties.swift in Sources */ = {isa = PBXBuildFile; fileRef = 04478CD02B2788EA00F2E318 /* CardProperties.swift */; };
		048769412B440ADB0068353D /* myCardMatchSound.wav in Resources */ = {isa = PBXBuildFile; fileRef = 0487693D2B440ADB0068353D /* myCardMatchSound.wav */; };
		048769422B440ADB0068353D /* myCardNoMatchSound.wav in Resources */ = {isa = PBXBuildFile; fileRef = 0487693E2B440ADB0068353D /* myCardNoMatchSound.wav */; };
		048769432B440ADB0068353D /* myCardFlipSound.wav in Resources */ = {isa = PBXBuildFile; fileRef = 0487693F2B440ADB0068353D /* myCardFlipSound.wav */; };
		048769462B440BEA0068353D /* myCardShufflehSound.wav in Resources */ = {isa = PBXBuildFile; fileRef = 048769452B440BEA0068353D /* myCardShufflehSound.wav */; };
		048C93122B28A38A00AA9126 /* SoundManager.swift in Sources */ = {isa = PBXBuildFile; fileRef = 048C93112B28A38A00AA9126 /* SoundManager.swift */; };
		04C0070F2B277F0500ACA44F /* AppDelegate.swift in Sources */ = {isa = PBXBuildFile; fileRef = 04C0070E2B277F0500ACA44F /* AppDelegate.swift */; };
		04C007112B277F0500ACA44F /* SceneDelegate.swift in Sources */ = {isa = PBXBuildFile; fileRef = 04C007102B277F0500ACA44F /* SceneDelegate.swift */; };
		04C007132B277F0500ACA44F /* HomeVC.swift in Sources */ = {isa = PBXBuildFile; fileRef = 04C007122B277F0500ACA44F /* HomeVC.swift */; };
		04C007162B277F0500ACA44F /* Main.storyboard in Resources */ = {isa = PBXBuildFile; fileRef = 04C007142B277F0500ACA44F /* Main.storyboard */; };
		04C007182B277F0700ACA44F /* Assets.xcassets in Resources */ = {isa = PBXBuildFile; fileRef = 04C007172B277F0700ACA44F /* Assets.xcassets */; };
		04C0071B2B277F0700ACA44F /* LaunchScreen.storyboard in Resources */ = {isa = PBXBuildFile; fileRef = 04C007192B277F0700ACA44F /* LaunchScreen.storyboard */; };
/* End PBXBuildFile section */

/* Begin PBXFileReference section */
		04478CC92B27883900F2E318 /* CardCVC.swift */ = {isa = PBXFileReference; lastKnownFileType = sourcecode.swift; path = CardCVC.swift; sourceTree = "<group>"; };
		04478CCE2B2788AA00F2E318 /* CardModel.swift */ = {isa = PBXFileReference; lastKnownFileType = sourcecode.swift; path = CardModel.swift; sourceTree = "<group>"; };
		04478CD02B2788EA00F2E318 /* CardProperties.swift */ = {isa = PBXFileReference; lastKnownFileType = sourcecode.swift; path = CardProperties.swift; sourceTree = "<group>"; };
		0487693D2B440ADB0068353D /* myCardMatchSound.wav */ = {isa = PBXFileReference; lastKnownFileType = audio.wav; path = myCardMatchSound.wav; sourceTree = "<group>"; };
		0487693E2B440ADB0068353D /* myCardNoMatchSound.wav */ = {isa = PBXFileReference; lastKnownFileType = audio.wav; path = myCardNoMatchSound.wav; sourceTree = "<group>"; };
		0487693F2B440ADB0068353D /* myCardFlipSound.wav */ = {isa = PBXFileReference; lastKnownFileType = audio.wav; path = myCardFlipSound.wav; sourceTree = "<group>"; };
		048769452B440BEA0068353D /* myCardShufflehSound.wav */ = {isa = PBXFileReference; lastKnownFileType = audio.wav; path = myCardShufflehSound.wav; sourceTree = "<group>"; };
		048C93112B28A38A00AA9126 /* SoundManager.swift */ = {isa = PBXFileReference; lastKnownFileType = sourcecode.swift; path = SoundManager.swift; sourceTree = "<group>"; };
		04C0070B2B277F0500ACA44F /* CardGameHarsh.app */ = {isa = PBXFileReference; explicitFileType = wrapper.application; includeInIndex = 0; path = CardGameHarsh.app; sourceTree = BUILT_PRODUCTS_DIR; };
		04C0070E2B277F0500ACA44F /* AppDelegate.swift */ = {isa = PBXFileReference; lastKnownFileType = sourcecode.swift; path = AppDelegate.swift; sourceTree = "<group>"; };
		04C007102B277F0500ACA44F /* SceneDelegate.swift */ = {isa = PBXFileReference; lastKnownFileType = sourcecode.swift; path = SceneDelegate.swift; sourceTree = "<group>"; };
		04C007122B277F0500ACA44F /* HomeVC.swift */ = {isa = PBXFileReference; lastKnownFileType = sourcecode.swift; path = HomeVC.swift; sourceTree = "<group>"; };
		04C007152B277F0500ACA44F /* Base */ = {isa = PBXFileReference; lastKnownFileType = file.storyboard; name = Base; path = Base.lproj/Main.storyboard; sourceTree = "<group>"; };
		04C007172B277F0700ACA44F /* Assets.xcassets */ = {isa = PBXFileReference; lastKnownFileType = folder.assetcatalog; path = Assets.xcassets; sourceTree = "<group>"; };
		04C0071A2B277F0700ACA44F /* Base */ = {isa = PBXFileReference; lastKnownFileType = file.storyboard; name = Base; path = Base.lproj/LaunchScreen.storyboard; sourceTree = "<group>"; };
		04C0071C2B277F0700ACA44F /* Info.plist */ = {isa = PBXFileReference; lastKnownFileType = text.plist.xml; path = Info.plist; sourceTree = "<group>"; };
/* End PBXFileReference section */

/* Begin PBXFrameworksBuildPhase section */
		04C007082B277F0500ACA44F /* Frameworks */ = {
			isa = PBXFrameworksBuildPhase;
			buildActionMask = 2147483647;
			files = (
			);
			runOnlyForDeploymentPostprocessing = 0;
		};
/* End PBXFrameworksBuildPhase section */

/* Begin PBXGroup section */
		04478CCB2B27888300F2E318 /* Model */ = {
			isa = PBXGroup;
			children = (
				04478CCE2B2788AA00F2E318 /* CardModel.swift */,
				04478CD02B2788EA00F2E318 /* CardProperties.swift */,
				048C93112B28A38A00AA9126 /* SoundManager.swift */,
			);
			path = Model;
			sourceTree = "<group>";
		};
		04478CCD2B27888F00F2E318 /* Controller */ = {
			isa = PBXGroup;
			children = (
				04C007122B277F0500ACA44F /* HomeVC.swift */,
				04478CC92B27883900F2E318 /* CardCVC.swift */,
			);
			path = Controller;
			sourceTree = "<group>";
		};
		04B0E1492B2783E700FABC10 /* Sounds */ = {
			isa = PBXGroup;
			children = (
				0487693F2B440ADB0068353D /* myCardFlipSound.wav */,
				0487693D2B440ADB0068353D /* myCardMatchSound.wav */,
				0487693E2B440ADB0068353D /* myCardNoMatchSound.wav */,
				048769452B440BEA0068353D /* myCardShufflehSound.wav */,
			);
			path = Sounds;
			sourceTree = "<group>";
		};
		04C007022B277F0500ACA44F = {
			isa = PBXGroup;
			children = (
				04C0070D2B277F0500ACA44F /* MatchingHarshCard */,
				04C0070C2B277F0500ACA44F /* Products */,
			);
			sourceTree = "<group>";
		};
		04C0070C2B277F0500ACA44F /* Products */ = {
			isa = PBXGroup;
			children = (
				04C0070B2B277F0500ACA44F /* CardGameHarsh.app */,
			);
			name = Products;
			sourceTree = "<group>";
		};
		04C0070D2B277F0500ACA44F /* MatchingHarshCard */ = {
			isa = PBXGroup;
			children = (
				04478CCD2B27888F00F2E318 /* Controller */,
				04478CCB2B27888300F2E318 /* Model */,
				04B0E1492B2783E700FABC10 /* Sounds */,
				04C0070E2B277F0500ACA44F /* AppDelegate.swift */,
				04C007102B277F0500ACA44F /* SceneDelegate.swift */,
				04C007142B277F0500ACA44F /* Main.storyboard */,
				04C007172B277F0700ACA44F /* Assets.xcassets */,
				04C007192B277F0700ACA44F /* LaunchScreen.storyboard */,
				04C0071C2B277F0700ACA44F /* Info.plist */,
			);
			path = MatchingHarshCard;
			sourceTree = "<group>";
		};
/* End PBXGroup section */

/* Begin PBXNativeTarget section */
		04C0070A2B277F0500ACA44F /* CardGameHarsh */ = {
			isa = PBXNativeTarget;
			buildConfigurationList = 04C0071F2B277F0700ACA44F /* Build configuration list for PBXNativeTarget "CardGameHarsh" */;
			buildPhases = (
				04C007072B277F0500ACA44F /* Sources */,
				04C007082B277F0500ACA44F /* Frameworks */,
				04C007092B277F0500ACA44F /* Resources */,
			);
			buildRules = (
			);
			dependencies = (
			);
			name = CardGameHarsh;
			productName = CardGameHarsh;
			productReference = 04C0070B2B277F0500ACA44F /* CardGameHarsh.app */;
			productType = "com.apple.product-type.application";
		};
/* End PBXNativeTarget section */

/* Begin PBXProject section */
		04C007032B277F0500ACA44F /* Project object */ = {
			isa = PBXProject;
			attributes = {
				BuildIndependentTargetsInParallel = 1;
				LastSwiftUpdateCheck = 1500;
				LastUpgradeCheck = 1500;
				TargetAttributes = {
					04C0070A2B277F0500ACA44F = {
						CreatedOnToolsVersion = 15.0.1;
					};
				};
			};
			buildConfigurationList = 04C007062B277F0500ACA44F /* Build configuration list for PBXProject "MatchingHarshCard" */;
			compatibilityVersion = "Xcode 14.0";
			developmentRegion = en;
			hasScannedForEncodings = 0;
			knownRegions = (
				en,
				Base,
			);
			mainGroup = 04C007022B277F0500ACA44F;
			productRefGroup = 04C0070C2B277F0500ACA44F /* Products */;
			projectDirPath = "";
			projectRoot = "";
			targets = (
				04C0070A2B277F0500ACA44F /* CardGameHarsh */,
			);
		};
/* End PBXProject section */

/* Begin PBXResourcesBuildPhase section */
		04C007092B277F0500ACA44F /* Resources */ = {
			isa = PBXResourcesBuildPhase;
			buildActionMask = 2147483647;
			files = (
				04C0071B2B277F0700ACA44F /* LaunchScreen.storyboard in Resources */,
				048769422B440ADB0068353D /* myCardNoMatchSound.wav in Resources */,
				04C007182B277F0700ACA44F /* Assets.xcassets in Resources */,
				048769462B440BEA0068353D /* myCardShufflehSound.wav in Resources */,
				04C007162B277F0500ACA44F /* Main.storyboard in Resources */,
				048769412B440ADB0068353D /* myCardMatchSound.wav in Resources */,
				048769432B440ADB0068353D /* myCardFlipSound.wav in Resources */,
			);
			runOnlyForDeploymentPostprocessing = 0;
		};
/* End PBXResourcesBuildPhase section */

/* Begin PBXSourcesBuildPhase section */
		04C007072B277F0500ACA44F /* Sources */ = {
			isa = PBXSourcesBuildPhase;
			buildActionMask = 2147483647;
			files = (
				04C007132B277F0500ACA44F /* HomeVC.swift in Sources */,
				04C0070F2B277F0500ACA44F /* AppDelegate.swift in Sources */,
				04478CCA2B27883900F2E318 /* CardCVC.swift in Sources */,
				04C007112B277F0500ACA44F /* SceneDelegate.swift in Sources */,
				04478CD12B2788EA00F2E318 /* CardProperties.swift in Sources */,
				048C93122B28A38A00AA9126 /* SoundManager.swift in Sources */,
				04478CCF2B2788AA00F2E318 /* CardModel.swift in Sources */,
			);
			runOnlyForDeploymentPostprocessing = 0;
		};
/* End PBXSourcesBuildPhase section */

/* Begin PBXVariantGroup section */
		04C007142B277F0500ACA44F /* Main.storyboard */ = {
			isa = PBXVariantGroup;
			children = (
				04C007152B277F0500ACA44F /* Base */,
			);
			name = Main.storyboard;
			sourceTree = "<group>";
		};
		04C007192B277F0700ACA44F /* LaunchScreen.storyboard */ = {
			isa = PBXVariantGroup;
			children = (
				04C0071A2B277F0700ACA44F /* Base */,
			);
			name = LaunchScreen.storyboard;
			sourceTree = "<group>";
		};
/* End PBXVariantGroup section */

/* Begin XCBuildConfiguration section */
		04C0071D2B277F0700ACA44F /* Debug */ = {
			isa = XCBuildConfiguration;
			buildSettings = {
				ALWAYS_SEARCH_USER_PATHS = NO;
				ASSETCATALOG_COMPILER_GENERATE_SWIFT_ASSET_SYMBOL_EXTENSIONS = YES;
				CLANG_ANALYZER_NONNULL = YES;
				CLANG_ANALYZER_NUMBER_OBJECT_CONVERSION = YES_AGGRESSIVE;
				CLANG_CXX_LANGUAGE_STANDARD = "gnu++20";
				CLANG_ENABLE_MODULES = YES;
				CLANG_ENABLE_OBJC_ARC = YES;
				CLANG_ENABLE_OBJC_WEAK = YES;
				CLANG_WARN_BLOCK_CAPTURE_AUTORELEASING = YES;
				CLANG_WARN_BOOL_CONVERSION = YES;
				CLANG_WARN_COMMA = YES;
				CLANG_WARN_CONSTANT_CONVERSION = YES;
				CLANG_WARN_DEPRECATED_OBJC_IMPLEMENTATIONS = YES;
				CLANG_WARN_DIRECT_OBJC_ISA_USAGE = YES_ERROR;
				CLANG_WARN_DOCUMENTATION_COMMENTS = YES;
				CLANG_WARN_EMPTY_BODY = YES;
				CLANG_WARN_ENUM_CONVERSION = YES;
				CLANG_WARN_INFINITE_RECURSION = YES;
				CLANG_WARN_INT_CONVERSION = YES;
				CLANG_WARN_NON_LITERAL_NULL_CONVERSION = YES;
				CLANG_WARN_OBJC_IMPLICIT_RETAIN_SELF = YES;
				CLANG_WARN_OBJC_LITERAL_CONVERSION = YES;
				CLANG_WARN_OBJC_ROOT_CLASS = YES_ERROR;
				CLANG_WARN_QUOTED_INCLUDE_IN_FRAMEWORK_HEADER = YES;
				CLANG_WARN_RANGE_LOOP_ANALYSIS = YES;
				CLANG_WARN_STRICT_PROTOTYPES = YES;
				CLANG_WARN_SUSPICIOUS_MOVE = YES;
				CLANG_WARN_UNGUARDED_AVAILABILITY = YES_AGGRESSIVE;
				CLANG_WARN_UNREACHABLE_CODE = YES;
				CLANG_WARN__DUPLICATE_METHOD_MATCH = YES;
				COPY_PHASE_STRIP = NO;
				DEBUG_INFORMATION_FORMAT = dwarf;
				ENABLE_STRICT_OBJC_MSGSEND = YES;
				ENABLE_TESTABILITY = YES;
				ENABLE_USER_SCRIPT_SANDBOXING = YES;
				GCC_C_LANGUAGE_STANDARD = gnu17;
				GCC_DYNAMIC_NO_PIC = NO;
				GCC_NO_COMMON_BLOCKS = YES;
				GCC_OPTIMIZATION_LEVEL = 0;
				GCC_PREPROCESSOR_DEFINITIONS = (
					"DEBUG=1",
					"$(inherited)",
				);
				GCC_WARN_64_TO_32_BIT_CONVERSION = YES;
				GCC_WARN_ABOUT_RETURN_TYPE = YES_ERROR;
				GCC_WARN_UNDECLARED_SELECTOR = YES;
				GCC_WARN_UNINITIALIZED_AUTOS = YES_AGGRESSIVE;
				GCC_WARN_UNUSED_FUNCTION = YES;
				GCC_WARN_UNUSED_VARIABLE = YES;
				IPHONEOS_DEPLOYMENT_TARGET = 17.0;
				LOCALIZATION_PREFERS_STRING_CATALOGS = YES;
				MTL_ENABLE_DEBUG_INFO = INCLUDE_SOURCE;
				MTL_FAST_MATH = YES;
				ONLY_ACTIVE_ARCH = YES;
				SDKROOT = iphoneos;
				SWIFT_ACTIVE_COMPILATION_CONDITIONS = "DEBUG $(inherited)";
				SWIFT_OPTIMIZATION_LEVEL = "-Onone";
			};
			name = Debug;
		};
		04C0071E2B277F0700ACA44F /* Release */ = {
			isa = XCBuildConfiguration;
			buildSettings = {
				ALWAYS_SEARCH_USER_PATHS = NO;
				ASSETCATALOG_COMPILER_GENERATE_SWIFT_ASSET_SYMBOL_EXTENSIONS = YES;
				CLANG_ANALYZER_NONNULL = YES;
				CLANG_ANALYZER_NUMBER_OBJECT_CONVERSION = YES_AGGRESSIVE;
				CLANG_CXX_LANGUAGE_STANDARD = "gnu++20";
				CLANG_ENABLE_MODULES = YES;
				CLANG_ENABLE_OBJC_ARC = YES;
				CLANG_ENABLE_OBJC_WEAK = YES;
				CLANG_WARN_BLOCK_CAPTURE_AUTORELEASING = YES;
				CLANG_WARN_BOOL_CONVERSION = YES;
				CLANG_WARN_COMMA = YES;
				CLANG_WARN_CONSTANT_CONVERSION = YES;
				CLANG_WARN_DEPRECATED_OBJC_IMPLEMENTATIONS = YES;
				CLANG_WARN_DIRECT_OBJC_ISA_USAGE = YES_ERROR;
				CLANG_WARN_DOCUMENTATION_COMMENTS = YES;
				CLANG_WARN_EMPTY_BODY = YES;
				CLANG_WARN_ENUM_CONVERSION = YES;
				CLANG_WARN_INFINITE_RECURSION = YES;
				CLANG_WARN_INT_CONVERSION = YES;
				CLANG_WARN_NON_LITERAL_NULL_CONVERSION = YES;
				CLANG_WARN_OBJC_IMPLICIT_RETAIN_SELF = YES;
				CLANG_WARN_OBJC_LITERAL_CONVERSION = YES;
				CLANG_WARN_OBJC_ROOT_CLASS = YES_ERROR;
				CLANG_WARN_QUOTED_INCLUDE_IN_FRAMEWORK_HEADER = YES;
				CLANG_WARN_RANGE_LOOP_ANALYSIS = YES;
				CLANG_WARN_STRICT_PROTOTYPES = YES;
				CLANG_WARN_SUSPICIOUS_MOVE = YES;
				CLANG_WARN_UNGUARDED_AVAILABILITY = YES_AGGRESSIVE;
				CLANG_WARN_UNREACHABLE_CODE = YES;
				CLANG_WARN__DUPLICATE_METHOD_MATCH = YES;
				COPY_PHASE_STRIP = NO;
				DEBUG_INFORMATION_FORMAT = "dwarf-with-dsym";
				ENABLE_NS_ASSERTIONS = NO;
				ENABLE_STRICT_OBJC_MSGSEND = YES;
				ENABLE_USER_SCRIPT_SANDBOXING = YES;
				GCC_C_LANGUAGE_STANDARD = gnu17;
				GCC_NO_COMMON_BLOCKS = YES;
				GCC_WARN_64_TO_32_BIT_CONVERSION = YES;
				GCC_WARN_ABOUT_RETURN_TYPE = YES_ERROR;
				GCC_WARN_UNDECLARED_SELECTOR = YES;
				GCC_WARN_UNINITIALIZED_AUTOS = YES_AGGRESSIVE;
				GCC_WARN_UNUSED_FUNCTION = YES;
				GCC_WARN_UNUSED_VARIABLE = YES;
				IPHONEOS_DEPLOYMENT_TARGET = 17.0;
				LOCALIZATION_PREFERS_STRING_CATALOGS = YES;
				MTL_ENABLE_DEBUG_INFO = NO;
				MTL_FAST_MATH = YES;
				SDKROOT = iphoneos;
				SWIFT_COMPILATION_MODE = wholemodule;
				VALIDATE_PRODUCT = YES;
			};
			name = Release;
		};
		04C007202B277F0700ACA44F /* Debug */ = {
			isa = XCBuildConfiguration;
			buildSettings = {
				ASSETCATALOG_COMPILER_APPICON_NAME = AppIcon;
				ASSETCATALOG_COMPILER_GLOBAL_ACCENT_COLOR_NAME = AccentColor;
				CODE_SIGN_IDENTITY = "Apple Development";
				CODE_SIGN_STYLE = Automatic;
				CURRENT_PROJECT_VERSION = 1;
				DEVELOPMENT_TEAM = 87M7TK5K4U;
				GENERATE_INFOPLIST_FILE = YES;
				INFOPLIST_FILE = CardGameHarsh/Info.plist;
				INFOPLIST_KEY_CFBundleDisplayName = MatchingHarsh;
				INFOPLIST_KEY_UIApplicationSupportsIndirectInputEvents = YES;
				INFOPLIST_KEY_UILaunchStoryboardName = LaunchScreen;
				INFOPLIST_KEY_UIMainStoryboardFile = Main;
				INFOPLIST_KEY_UIStatusBarStyle = "";
				INFOPLIST_KEY_UISupportedInterfaceOrientations = "UIInterfaceOrientationLandscapeLeft UIInterfaceOrientationLandscapeRight UIInterfaceOrientationPortrait UIInterfaceOrientationPortraitUpsideDown";
				LD_RUNPATH_SEARCH_PATHS = (
					"$(inherited)",
					"@executable_path/Frameworks",
				);
				MARKETING_VERSION = 1.0;
				PRODUCT_BUNDLE_IDENTIFIER = com.matchingHarsh;
				PRODUCT_NAME = "$(TARGET_NAME)";
				PROVISIONING_PROFILE_SPECIFIER = "";
				SWIFT_EMIT_LOC_STRINGS = YES;
				SWIFT_VERSION = 5.0;
				TARGETED_DEVICE_FAMILY = "1,2";
			};
			name = Debug;
		};
		04C007212B277F0700ACA44F /* Release */ = {
			isa = XCBuildConfiguration;
			buildSettings = {
				ASSETCATALOG_COMPILER_APPICON_NAME = AppIcon;
				ASSETCATALOG_COMPILER_GLOBAL_ACCENT_COLOR_NAME = AccentColor;
				CODE_SIGN_IDENTITY = "Apple Development";
				CODE_SIGN_STYLE = Automatic;
				CURRENT_PROJECT_VERSION = 1;
				DEVELOPMENT_TEAM = 87M7TK5K4U;
				GENERATE_INFOPLIST_FILE = YES;
				INFOPLIST_FILE = CardGameHarsh/Info.plist;
				INFOPLIST_KEY_CFBundleDisplayName = MatchingHarsh;
				INFOPLIST_KEY_UIApplicationSupportsIndirectInputEvents = YES;
				INFOPLIST_KEY_UILaunchStoryboardName = LaunchScreen;
				INFOPLIST_KEY_UIMainStoryboardFile = Main;
				INFOPLIST_KEY_UIStatusBarStyle = "";
				INFOPLIST_KEY_UISupportedInterfaceOrientations = "UIInterfaceOrientationLandscapeLeft UIInterfaceOrientationLandscapeRight UIInterfaceOrientationPortrait UIInterfaceOrientationPortraitUpsideDown";
				LD_RUNPATH_SEARCH_PATHS = (
					"$(inherited)",
					"@executable_path/Frameworks",
				);
				MARKETING_VERSION = 1.0;
				PRODUCT_BUNDLE_IDENTIFIER = com.matchingHarsh;
				PRODUCT_NAME = "$(TARGET_NAME)";
				PROVISIONING_PROFILE_SPECIFIER = "";
				SWIFT_EMIT_LOC_STRINGS = YES;
				SWIFT_VERSION = 5.0;
				TARGETED_DEVICE_FAMILY = "1,2";
			};
			name = Release;
		};
/* End XCBuildConfiguration section */

/* Begin XCConfigurationList section */
		04C007062B277F0500ACA44F /* Build configuration list for PBXProject "MatchingHarshCard" */ = {
			isa = XCConfigurationList;
			buildConfigurations = (
				04C0071D2B277F0700ACA44F /* Debug */,
				04C0071E2B277F0700ACA44F /* Release */,
			);
			defaultConfigurationIsVisible = 0;
			defaultConfigurationName = Release;
		};
		04C0071F2B277F0700ACA44F /* Build configuration list for PBXNativeTarget "CardGameHarsh" */ = {
			isa = XCConfigurationList;
			buildConfigurations = (
				04C007202B277F0700ACA44F /* Debug */,
				04C007212B277F0700ACA44F /* Release */,
			);
			defaultConfigurationIsVisible = 0;
			defaultConfigurationName = Release;
		};
/* End XCConfigurationList section */
	};
	rootObject = 04C007032B277F0500ACA44F /* Project object */;
}
